
Microsoft Visual Studio Solution File, Format Version 12.00
# Visual Studio 15
VisualStudioVersion = 15.0.27428.2027
MinimumVisualStudioVersion = 10.0.40219.1
Project("{FAE04EC0-301F-11D3-BF4B-00C04F79EFBC}") = "LexiconUniversity", "LexiconUniversity\LexiconUniversity.csproj", "{C8AD4FF9-3B58-469A-8E1B-8B075B192CBB}"
EndProject
Global
	GlobalSection(SolutionConfigurationPlatforms) = preSolution
		Debug|Any CPU = Debug|Any CPU
		Release|Any CPU = Release|Any CPU
	EndGlobalSection
	GlobalSection(ProjectConfigurationPlatforms) = postSolution
		{C8AD4FF9-3B58-469A-8E1B-8B075B192CBB}.Debug|Any CPU.ActiveCfg = Debug|Any CPU
		{C8AD4FF9-3B58-469A-8E1B-8B075B192CBB}.Debug|Any CPU.Build.0 = Debug|Any CPU
		{C8AD4FF9-3B58-469A-8E1B-8B075B192CBB}.Release|Any CPU.ActiveCfg = Release|Any CPU
		{C8AD4FF9-3B58-469A-8E1B-8B075B192CBB}.Release|Any CPU.Build.0 = Release|Any CPU
	EndGlobalSection
	GlobalSection(SolutionProperties) = preSolution
		HideSolutionNode = FALSE
	EndGlobalSection
	GlobalSection(ExtensibilityGlobals) = postSolution
		SolutionGuid = {A56C7390-68DF-43E5-9755-31DC80264660}
	EndGlobalSection
EndGlobal
